
Microsoft Visual Studio Solution File, Format Version 12.00
# Visual Studio Version 17
VisualStudioVersion = 17.13.35931.197
MinimumVisualStudioVersion = 10.0.40219.1
Project("{FAE04EC0-301F-11D3-BF4B-00C04F79EFBC}") = "2025-MovieFinder", "2025-MovieFinder\2025-MovieFinder.csproj", "{7D112B5A-929C-437B-B3A0-403F0B64FA55}"
EndProject
Global
	GlobalSection(SolutionConfigurationPlatforms) = preSolution
		Debug|Any CPU = Debug|Any CPU
		Debug|x64 = Debug|x64
		Release|Any CPU = Release|Any CPU
		Release|x64 = Release|x64
	EndGlobalSection
	GlobalSection(ProjectConfigurationPlatforms) = postSolution
		{7D112B5A-929C-437B-B3A0-403F0B64FA55}.Debug|Any CPU.ActiveCfg = Debug|Any CPU
		{7D112B5A-929C-437B-B3A0-403F0B64FA55}.Debug|Any CPU.Build.0 = Debug|Any CPU
		{7D112B5A-929C-437B-B3A0-403F0B64FA55}.Debug|x64.ActiveCfg = Debug|x64
		{7D112B5A-929C-437B-B3A0-403F0B64FA55}.Debug|x64.Build.0 = Debug|x64
		{7D112B5A-929C-437B-B3A0-403F0B64FA55}.Release|Any CPU.ActiveCfg = Release|Any CPU
		{7D112B5A-929C-437B-B3A0-403F0B64FA55}.Release|Any CPU.Build.0 = Release|Any CPU
		{7D112B5A-929C-437B-B3A0-403F0B64FA55}.Release|x64.ActiveCfg = Release|x64
		{7D112B5A-929C-437B-B3A0-403F0B64FA55}.Release|x64.Build.0 = Release|x64
	EndGlobalSection
	GlobalSection(SolutionProperties) = preSolution
		HideSolutionNode = FALSE
	EndGlobalSection
	GlobalSection(ExtensibilityGlobals) = postSolution
		SolutionGuid = {D039E150-E914-444A-8EAB-3246BA5E9804}
	EndGlobalSection
EndGlobal
